// !$*UTF8*$!
{
	archiveVersion = 1;
	classes = {
	};
	objectVersion = 46;
	objects = {

/* Begin PBXBuildFile section */
		F03668181E7FBB45000A5010 /* AppDelegate.swift in Sources */ = {isa = PBXBuildFile; fileRef = F03668171E7FBB45000A5010 /* AppDelegate.swift */; };
		F036681A1E7FBB45000A5010 /* ViewController.swift in Sources */ = {isa = PBXBuildFile; fileRef = F03668191E7FBB45000A5010 /* ViewController.swift */; };
		F036681D1E7FBB45000A5010 /* Main.storyboard in Resources */ = {isa = PBXBuildFile; fileRef = F036681B1E7FBB45000A5010 /* Main.storyboard */; };
		F036681F1E7FBB45000A5010 /* Assets.xcassets in Resources */ = {isa = PBXBuildFile; fileRef = F036681E1E7FBB45000A5010 /* Assets.xcassets */; };
		F03668221E7FBB45000A5010 /* LaunchScreen.storyboard in Resources */ = {isa = PBXBuildFile; fileRef = F03668201E7FBB45000A5010 /* LaunchScreen.storyboard */; };
		F036682A1E7FBB6C000A5010 /* secondViewController.swift in Sources */ = {isa = PBXBuildFile; fileRef = F03668291E7FBB6C000A5010 /* secondViewController.swift */; };
		F036682C1E7FD65D000A5010 /* UtilityClass.swift in Sources */ = {isa = PBXBuildFile; fileRef = F036682B1E7FD65D000A5010 /* UtilityClass.swift */; };
/* End PBXBuildFile section */

/* Begin PBXFileReference section */
		F03668141E7FBB45000A5010 /* DemoExtension.app */ = {isa = PBXFileReference; explicitFileType = wrapper.application; includeInIndex = 0; path = DemoExtension.app; sourceTree = BUILT_PRODUCTS_DIR; };
		F03668171E7FBB45000A5010 /* AppDelegate.swift */ = {isa = PBXFileReference; lastKnownFileType = sourcecode.swift; path = AppDelegate.swift; sourceTree = "<group>"; };
		F03668191E7FBB45000A5010 /* ViewController.swift */ = {isa = PBXFileReference; lastKnownFileType = sourcecode.swift; path = ViewController.swift; sourceTree = "<group>"; };
		F036681C1E7FBB45000A5010 /* Base */ = {isa = PBXFileReference; lastKnownFileType = file.storyboard; name = Base; path = Base.lproj/Main.storyboard; sourceTree = "<group>"; };
		F036681E1E7FBB45000A5010 /* Assets.xcassets */ = {isa = PBXFileReference; lastKnownFileType = folder.assetcatalog; path = Assets.xcassets; sourceTree = "<group>"; };
		F03668211E7FBB45000A5010 /* Base */ = {isa = PBXFileReference; lastKnownFileType = file.storyboard; name = Base; path = Base.lproj/LaunchScreen.storyboard; sourceTree = "<group>"; };
		F03668231E7FBB45000A5010 /* Info.plist */ = {isa = PBXFileReference; lastKnownFileType = text.plist.xml; path = Info.plist; sourceTree = "<group>"; };
		F03668291E7FBB6C000A5010 /* secondViewController.swift */ = {isa = PBXFileReference; fileEncoding = 4; lastKnownFileType = sourcecode.swift; path = secondViewController.swift; sourceTree = "<group>"; };
		F036682B1E7FD65D000A5010 /* UtilityClass.swift */ = {isa = PBXFileReference; fileEncoding = 4; lastKnownFileType = sourcecode.swift; path = UtilityClass.swift; sourceTree = "<group>"; };
/* End PBXFileReference section */

/* Begin PBXFrameworksBuildPhase section */
		F03668111E7FBB45000A5010 /* Frameworks */ = {
			isa = PBXFrameworksBuildPhase;
			buildActionMask = 2147483647;
			files = (
			);
			runOnlyForDeploymentPostprocessing = 0;
		};
/* End PBXFrameworksBuildPhase section */

/* Begin PBXGroup section */
		F036680B1E7FBB45000A5010 = {
			isa = PBXGroup;
			children = (
				F036682B1E7FD65D000A5010 /* UtilityClass.swift */,
				F03668291E7FBB6C000A5010 /* secondViewController.swift */,
				F03668161E7FBB45000A5010 /* DemoExtension */,
				F03668151E7FBB45000A5010 /* Products */,
			);
			sourceTree = "<group>";
		};
		F03668151E7FBB45000A5010 /* Products */ = {
			isa = PBXGroup;
			children = (
				F03668141E7FBB45000A5010 /* DemoExtension.app */,
			);
			name = Products;
			sourceTree = "<group>";
		};
		F03668161E7FBB45000A5010 /* DemoExtension */ = {
			isa = PBXGroup;
			children = (
				F03668171E7FBB45000A5010 /* AppDelegate.swift */,
				F03668191E7FBB45000A5010 /* ViewController.swift */,
				F036681B1E7FBB45000A5010 /* Main.storyboard */,
				F036681E1E7FBB45000A5010 /* Assets.xcassets */,
				F03668201E7FBB45000A5010 /* LaunchScreen.storyboard */,
				F03668231E7FBB45000A5010 /* Info.plist */,
			);
			path = DemoExtension;
			sourceTree = "<group>";
		};
/* End PBXGroup section */

/* Begin PBXNativeTarget section */
		F03668131E7FBB45000A5010 /* DemoExtension */ = {
			isa = PBXNativeTarget;
			buildConfigurationList = F03668261E7FBB45000A5010 /* Build configuration list for PBXNativeTarget "DemoExtension" */;
			buildPhases = (
				F03668101E7FBB45000A5010 /* Sources */,
				F03668111E7FBB45000A5010 /* Frameworks */,
				F03668121E7FBB45000A5010 /* Resources */,
			);
			buildRules = (
			);
			dependencies = (
			);
			name = DemoExtension;
			productName = DemoExtension;
			productReference = F03668141E7FBB45000A5010 /* DemoExtension.app */;
			productType = "com.apple.product-type.application";
		};
/* End PBXNativeTarget section */

/* Begin PBXProject section */
		F036680C1E7FBB45000A5010 /* Project object */ = {
			isa = PBXProject;
			attributes = {
				LastSwiftUpdateCheck = 0820;
				LastUpgradeCheck = 0820;
				ORGANIZATIONNAME = "Jony Singla";
				TargetAttributes = {
					F03668131E7FBB45000A5010 = {
						CreatedOnToolsVersion = 8.2.1;
						ProvisioningStyle = Automatic;
					};
				};
			};
			buildConfigurationList = F036680F1E7FBB45000A5010 /* Build configuration list for PBXProject "DemoExtension" */;
			compatibilityVersion = "Xcode 3.2";
			developmentRegion = English;
			hasScannedForEncodings = 0;
			knownRegions = (
				en,
				Base,
			);
			mainGroup = F036680B1E7FBB45000A5010;
			productRefGroup = F03668151E7FBB45000A5010 /* Products */;
			projectDirPath = "";
			projectRoot = "";
			targets = (
				F03668131E7FBB45000A5010 /* DemoExtension */,
			);
		};
/* End PBXProject section */

/* Begin PBXResourcesBuildPhase section */
		F03668121E7FBB45000A5010 /* Resources */ = {
			isa = PBXResourcesBuildPhase;
			buildActionMask = 2147483647;
			files = (
				F03668221E7FBB45000A5010 /* LaunchScreen.storyboard in Resources */,
				F036681F1E7FBB45000A5010 /* Assets.xcassets in Resources */,
				F036681D1E7FBB45000A5010 /* Main.storyboard in Resources */,
			);
			runOnlyForDeploymentPostprocessing = 0;
		};
/* End PBXResourcesBuildPhase section */

/* Begin PBXSourcesBuildPhase section */
		F03668101E7FBB45000A5010 /* Sources */ = {
			isa = PBXSourcesBuildPhase;
			buildActionMask = 2147483647;
			files = (
				F036681A1E7FBB45000A5010 /* ViewController.swift in Sources */,
				F036682A1E7FBB6C000A5010 /* secondViewController.swift in Sources */,
				F03668181E7FBB45000A5010 /* AppDelegate.swift in Sources */,
				F036682C1E7FD65D000A5010 /* UtilityClass.swift in Sources */,
			);
			runOnlyForDeploymentPostprocessing = 0;
		};
/* End PBXSourcesBuildPhase section */

/* Begin PBXVariantGroup section */
		F036681B1E7FBB45000A5010 /* Main.storyboard */ = {
			isa = PBXVariantGroup;
			children = (
				F036681C1E7FBB45000A5010 /* Base */,
			);
			name = Main.storyboard;
			sourceTree = "<group>";
		};
		F03668201E7FBB45000A5010 /* LaunchScreen.storyboard */ = {
			isa = PBXVariantGroup;
			children = (
				F03668211E7FBB45000A5010 /* Base */,
			);
			name = LaunchScreen.storyboard;
			sourceTree = "<group>";
		};
/* End PBXVariantGroup section */

/* Begin XCBuildConfiguration section */
		F03668241E7FBB45000A5010 /* Debug */ = {
			isa = XCBuildConfiguration;
			buildSettings = {
				ALWAYS_SEARCH_USER_PATHS = NO;
				CLANG_ANALYZER_NONNULL = YES;
				CLANG_CXX_LANGUAGE_STANDARD = "gnu++0x";
				CLANG_CXX_LIBRARY = "libc++";
				CLANG_ENABLE_MODULES = YES;
				CLANG_ENABLE_OBJC_ARC = YES;
				CLANG_WARN_BOOL_CONVERSION = YES;
				CLANG_WARN_CONSTANT_CONVERSION = YES;
				CLANG_WARN_DIRECT_OBJC_ISA_USAGE = YES_ERROR;
				CLANG_WARN_DOCUMENTATION_COMMENTS = YES;
				CLANG_WARN_EMPTY_BODY = YES;
				CLANG_WARN_ENUM_CONVERSION = YES;
				CLANG_WARN_INFINITE_RECURSION = YES;
				CLANG_WARN_INT_CONVERSION = YES;
				CLANG_WARN_OBJC_ROOT_CLASS = YES_ERROR;
				CLANG_WARN_SUSPICIOUS_MOVE = YES;
				CLANG_WARN_UNREACHABLE_CODE = YES;
				CLANG_WARN__DUPLICATE_METHOD_MATCH = YES;
				"CODE_SIGN_IDENTITY[sdk=iphoneos*]" = "iPhone Developer";
				COPY_PHASE_STRIP = NO;
				DEBUG_INFORMATION_FORMAT = dwarf;
				ENABLE_STRICT_OBJC_MSGSEND = YES;
				ENABLE_TESTABILITY = YES;
				GCC_C_LANGUAGE_STANDARD = gnu99;
				GCC_DYNAMIC_NO_PIC = NO;
				GCC_NO_COMMON_BLOCKS = YES;
				GCC_OPTIMIZATION_LEVEL = 0;
				GCC_PREPROCESSOR_DEFINITIONS = (
					"DEBUG=1",
					"$(inherited)",
				);
				GCC_WARN_64_TO_32_BIT_CONVERSION = YES;
				GCC_WARN_ABOUT_RETURN_TYPE = YES_ERROR;
				GCC_WARN_UNDECLARED_SELECTOR = YES;
				GCC_WARN_UNINITIALIZED_AUTOS = YES_AGGRESSIVE;
				GCC_WARN_UNUSED_FUNCTION = YES;
				GCC_WARN_UNUSED_VARIABLE = YES;
				IPHONEOS_DEPLOYMENT_TARGET = 10.2;
				MTL_ENABLE_DEBUG_INFO = YES;
				ONLY_ACTIVE_ARCH = YES;
				SDKROOT = iphoneos;
				SWIFT_ACTIVE_COMPILATION_CONDITIONS = DEBUG;
				SWIFT_OPTIMIZATION_LEVEL = "-Onone";
				TARGETED_DEVICE_FAMILY = "1,2";
			};
			name = Debug;
		};
		F03668251E7FBB45000A5010 /* Release */ = {
			isa = XCBuildConfiguration;
			buildSettings = {
				ALWAYS_SEARCH_USER_PATHS = NO;
				CLANG_ANALYZER_NONNULL = YES;
				CLANG_CXX_LANGUAGE_STANDARD = "gnu++0x";
				CLANG_CXX_LIBRARY = "libc++";
				CLANG_ENABLE_MODULES = YES;
				CLANG_ENABLE_OBJC_ARC = YES;
				CLANG_WARN_BOOL_CONVERSION = YES;
				CLANG_WARN_CONSTANT_CONVERSION = YES;
				CLANG_WARN_DIRECT_OBJC_ISA_USAGE = YES_ERROR;
				CLANG_WARN_DOCUMENTATION_COMMENTS = YES;
				CLANG_WARN_EMPTY_BODY = YES;
				CLANG_WARN_ENUM_CONVERSION = YES;
				CLANG_WARN_INFINITE_RECURSION = YES;
				CLANG_WARN_INT_CONVERSION = YES;
				CLANG_WARN_OBJC_ROOT_CLASS = YES_ERROR;
				CLANG_WARN_SUSPICIOUS_MOVE = YES;
				CLANG_WARN_UNREACHABLE_CODE = YES;
				CLANG_WARN__DUPLICATE_METHOD_MATCH = YES;
				"CODE_SIGN_IDENTITY[sdk=iphoneos*]" = "iPhone Developer";
				COPY_PHASE_STRIP = NO;
				DEBUG_INFORMATION_FORMAT = "dwarf-with-dsym";
				ENABLE_NS_ASSERTIONS = NO;
				ENABLE_STRICT_OBJC_MSGSEND = YES;
				GCC_C_LANGUAGE_STANDARD = gnu99;
				GCC_NO_COMMON_BLOCKS = YES;
				GCC_WARN_64_TO_32_BIT_CONVERSION = YES;
				GCC_WARN_ABOUT_RETURN_TYPE = YES_ERROR;
				GCC_WARN_UNDECLARED_SELECTOR = YES;
				GCC_WARN_UNINITIALIZED_AUTOS = YES_AGGRESSIVE;
				GCC_WARN_UNUSED_FUNCTION = YES;
				GCC_WARN_UNUSED_VARIABLE = YES;
				IPHONEOS_DEPLOYMENT_TARGET = 10.2;
				MTL_ENABLE_DEBUG_INFO = NO;
				SDKROOT = iphoneos;
				SWIFT_OPTIMIZATION_LEVEL = "-Owholemodule";
				TARGETED_DEVICE_FAMILY = "1,2";
				VALIDATE_PRODUCT = YES;
			};
			name = Release;
		};
		F03668271E7FBB45000A5010 /* Debug */ = {
			isa = XCBuildConfiguration;
			buildSettings = {
				ASSETCATALOG_COMPILER_APPICON_NAME = AppIcon;
				INFOPLIST_FILE = DemoExtension/Info.plist;
				LD_RUNPATH_SEARCH_PATHS = "$(inherited) @executable_path/Frameworks";
				PRODUCT_BUNDLE_IDENTIFIER = yourvoice.DemoExtension;
				PRODUCT_NAME = "$(TARGET_NAME)";
				SWIFT_VERSION = 3.0;
			};
			name = Debug;
		};
		F03668281E7FBB45000A5010 /* Release */ = {
			isa = XCBuildConfiguration;
			buildSettings = {
				ASSETCATALOG_COMPILER_APPICON_NAME = AppIcon;
				INFOPLIST_FILE = DemoExtension/Info.plist;
				LD_RUNPATH_SEARCH_PATHS = "$(inherited) @executable_path/Frameworks";
				PRODUCT_BUNDLE_IDENTIFIER = yourvoice.DemoExtension;
				PRODUCT_NAME = "$(TARGET_NAME)";
				SWIFT_VERSION = 3.0;
			};
			name = Release;
		};
/* End XCBuildConfiguration section */

/* Begin XCConfigurationList section */
		F036680F1E7FBB45000A5010 /* Build configuration list for PBXProject "DemoExtension" */ = {
			isa = XCConfigurationList;
			buildConfigurations = (
				F03668241E7FBB45000A5010 /* Debug */,
				F03668251E7FBB45000A5010 /* Release */,
			);
			defaultConfigurationIsVisible = 0;
			defaultConfigurationName = Release;
		};
		F03668261E7FBB45000A5010 /* Build configuration list for PBXNativeTarget "DemoExtension" */ = {
			isa = XCConfigurationList;
			buildConfigurations = (
				F03668271E7FBB45000A5010 /* Debug */,
				F03668281E7FBB45000A5010 /* Release */,
			);
			defaultConfigurationIsVisible = 0;
		};
/* End XCConfigurationList section */
	};
	rootObject = F036680C1E7FBB45000A5010 /* Project object */;
}
